
Microsoft Visual Studio Solution File, Format Version 12.00
# Visual Studio Version 17
VisualStudioVersion = 17.0.32002.185
MinimumVisualStudioVersion = 10.0.40219.1
Project("{9A19103F-16F7-4668-BE54-9A1E7A4F7556}") = "DesignPatterns.MediatorPattern", "..\..\..\..\Desktop\FordOtosan.SampleNetProjects.MediatrCqrs\DesignPatterns.MediatorPattern.csproj", "{D01CEC9F-455E-46B0-A0F4-834C8A21F2B2}"
EndProject
Project("{FAE04EC0-301F-11D3-BF4B-00C04F79EFBC}") = "DesignPatterns.SignletonPattern", "DesignPatterns.SignletonPattern\DesignPatterns.SignletonPattern.csproj", "{30776395-7630-4017-AFFF-57D8E8001380}"
EndProject
Global
	GlobalSection(SolutionConfigurationPlatforms) = preSolution
		Debug|Any CPU = Debug|Any CPU
		Release|Any CPU = Release|Any CPU
	EndGlobalSection
	GlobalSection(ProjectConfigurationPlatforms) = postSolution
		{D01CEC9F-455E-46B0-A0F4-834C8A21F2B2}.Debug|Any CPU.ActiveCfg = Debug|Any CPU
		{D01CEC9F-455E-46B0-A0F4-834C8A21F2B2}.Debug|Any CPU.Build.0 = Debug|Any CPU
		{D01CEC9F-455E-46B0-A0F4-834C8A21F2B2}.Release|Any CPU.ActiveCfg = Release|Any CPU
		{D01CEC9F-455E-46B0-A0F4-834C8A21F2B2}.Release|Any CPU.Build.0 = Release|Any CPU
		{30776395-7630-4017-AFFF-57D8E8001380}.Debug|Any CPU.ActiveCfg = Debug|Any CPU
		{30776395-7630-4017-AFFF-57D8E8001380}.Debug|Any CPU.Build.0 = Debug|Any CPU
		{30776395-7630-4017-AFFF-57D8E8001380}.Release|Any CPU.ActiveCfg = Release|Any CPU
		{30776395-7630-4017-AFFF-57D8E8001380}.Release|Any CPU.Build.0 = Release|Any CPU
	EndGlobalSection
	GlobalSection(SolutionProperties) = preSolution
		HideSolutionNode = FALSE
	EndGlobalSection
	GlobalSection(ExtensibilityGlobals) = postSolution
		SolutionGuid = {20085E4D-23B6-42B8-820B-90072F4F1091}
	EndGlobalSection
EndGlobal
