
Microsoft Visual Studio Solution File, Format Version 12.00
# Visual Studio Version 17
VisualStudioVersion = 17.0.32002.185
MinimumVisualStudioVersion = 10.0.40219.1
Project("{2150E333-8FDC-42A3-9474-1A3956D46DE8}") = "0_BasicMediatorPattern", "0_BasicMediatorPattern", "{C92B5868-F7E4-4D44-ACFD-E4CB77CFDDCB}"
EndProject
Project("{2150E333-8FDC-42A3-9474-1A3956D46DE8}") = "1_BasicMediatrWebApi", "1_BasicMediatrWebApi", "{BDBE17F3-C49E-41B0-95A1-1C825877E2A6}"
EndProject
Project("{2150E333-8FDC-42A3-9474-1A3956D46DE8}") = "2_BasicMediatrCqrsWebApi", "2_BasicMediatrCqrsWebApi", "{53177474-7A52-4B81-A052-ADCE84036DAD}"
EndProject
Project("{2150E333-8FDC-42A3-9474-1A3956D46DE8}") = "MediatorInstance", "MediatorInstance", "{D9FA0772-A515-45EE-913F-946F4B70D8B9}"
EndProject
Project("{9A19103F-16F7-4668-BE54-9A1E7A4F7556}") = "MediatrCqrsInstance", "MediatorCqrsInstance\MediatrCqrsInstance.csproj", "{1E7DFFF5-10BD-4F9F-8972-F4E6F140317C}"
EndProject
Project("{9A19103F-16F7-4668-BE54-9A1E7A4F7556}") = "MediatorPattern", "MediatorPattern\MediatorPattern.csproj", "{58E67F80-AAFB-416E-9C12-10C6683A3E2F}"
EndProject
Project("{9A19103F-16F7-4668-BE54-9A1E7A4F7556}") = "MediatrWebApi", "MediatrWebApi\MediatrWebApi.csproj", "{32577D1B-EBCF-44A1-AC5D-FB4B9AC18A55}"
EndProject
Project("{9A19103F-16F7-4668-BE54-9A1E7A4F7556}") = "MediatrCqrsWebApi", "MediatrCqrsWebApi\MediatrCqrsWebApi.csproj", "{FA108394-42BA-4144-982A-6139F8464CAC}"
EndProject
Global
	GlobalSection(SolutionConfigurationPlatforms) = preSolution
		Debug|Any CPU = Debug|Any CPU
		Release|Any CPU = Release|Any CPU
	EndGlobalSection
	GlobalSection(ProjectConfigurationPlatforms) = postSolution
		{1E7DFFF5-10BD-4F9F-8972-F4E6F140317C}.Debug|Any CPU.ActiveCfg = Debug|Any CPU
		{1E7DFFF5-10BD-4F9F-8972-F4E6F140317C}.Debug|Any CPU.Build.0 = Debug|Any CPU
		{1E7DFFF5-10BD-4F9F-8972-F4E6F140317C}.Release|Any CPU.ActiveCfg = Release|Any CPU
		{1E7DFFF5-10BD-4F9F-8972-F4E6F140317C}.Release|Any CPU.Build.0 = Release|Any CPU
		{58E67F80-AAFB-416E-9C12-10C6683A3E2F}.Debug|Any CPU.ActiveCfg = Debug|Any CPU
		{58E67F80-AAFB-416E-9C12-10C6683A3E2F}.Debug|Any CPU.Build.0 = Debug|Any CPU
		{58E67F80-AAFB-416E-9C12-10C6683A3E2F}.Release|Any CPU.ActiveCfg = Release|Any CPU
		{58E67F80-AAFB-416E-9C12-10C6683A3E2F}.Release|Any CPU.Build.0 = Release|Any CPU
		{32577D1B-EBCF-44A1-AC5D-FB4B9AC18A55}.Debug|Any CPU.ActiveCfg = Debug|Any CPU
		{32577D1B-EBCF-44A1-AC5D-FB4B9AC18A55}.Debug|Any CPU.Build.0 = Debug|Any CPU
		{32577D1B-EBCF-44A1-AC5D-FB4B9AC18A55}.Release|Any CPU.ActiveCfg = Release|Any CPU
		{32577D1B-EBCF-44A1-AC5D-FB4B9AC18A55}.Release|Any CPU.Build.0 = Release|Any CPU
		{FA108394-42BA-4144-982A-6139F8464CAC}.Debug|Any CPU.ActiveCfg = Debug|Any CPU
		{FA108394-42BA-4144-982A-6139F8464CAC}.Debug|Any CPU.Build.0 = Debug|Any CPU
		{FA108394-42BA-4144-982A-6139F8464CAC}.Release|Any CPU.ActiveCfg = Release|Any CPU
		{FA108394-42BA-4144-982A-6139F8464CAC}.Release|Any CPU.Build.0 = Release|Any CPU
	EndGlobalSection
	GlobalSection(SolutionProperties) = preSolution
		HideSolutionNode = FALSE
	EndGlobalSection
	GlobalSection(NestedProjects) = preSolution
		{1E7DFFF5-10BD-4F9F-8972-F4E6F140317C} = {D9FA0772-A515-45EE-913F-946F4B70D8B9}
		{58E67F80-AAFB-416E-9C12-10C6683A3E2F} = {C92B5868-F7E4-4D44-ACFD-E4CB77CFDDCB}
		{32577D1B-EBCF-44A1-AC5D-FB4B9AC18A55} = {BDBE17F3-C49E-41B0-95A1-1C825877E2A6}
		{FA108394-42BA-4144-982A-6139F8464CAC} = {53177474-7A52-4B81-A052-ADCE84036DAD}
	EndGlobalSection
	GlobalSection(ExtensibilityGlobals) = postSolution
		SolutionGuid = {20085E4D-23B6-42B8-820B-90072F4F1091}
	EndGlobalSection
EndGlobal
