
Microsoft Visual Studio Solution File, Format Version 12.00
# Visual Studio Version 17
VisualStudioVersion = 17.0.32002.185
MinimumVisualStudioVersion = 10.0.40219.1
Project("{9A19103F-16F7-4668-BE54-9A1E7A4F7556}") = "DesignPatterns.MediatorPattern", "DesignPatterns.MediatorPattern\DesignPatterns.MediatorPattern.csproj", "{9ADCD065-BF89-4A36-92E4-8179D163FF60}"
EndProject
Project("{9A19103F-16F7-4668-BE54-9A1E7A4F7556}") = "DesignPatterns.SingletonPattern", "DesignPatterns.SingletonPattern\DesignPatterns.SingletonPattern.csproj", "{914B1AA4-8A84-4F82-BEDE-5F905F21156F}"
EndProject
Project("{FAE04EC0-301F-11D3-BF4B-00C04F79EFBC}") = "DesignPatterns.BuilderPattern", "DesignPatterns.BuilderPattern\DesignPatterns.BuilderPattern.csproj", "{B994FC9D-6645-4550-A731-103C6625CB72}"
EndProject
Global
	GlobalSection(SolutionConfigurationPlatforms) = preSolution
		Debug|Any CPU = Debug|Any CPU
		Release|Any CPU = Release|Any CPU
	EndGlobalSection
	GlobalSection(ProjectConfigurationPlatforms) = postSolution
		{9ADCD065-BF89-4A36-92E4-8179D163FF60}.Debug|Any CPU.ActiveCfg = Debug|Any CPU
		{9ADCD065-BF89-4A36-92E4-8179D163FF60}.Debug|Any CPU.Build.0 = Debug|Any CPU
		{9ADCD065-BF89-4A36-92E4-8179D163FF60}.Release|Any CPU.ActiveCfg = Release|Any CPU
		{9ADCD065-BF89-4A36-92E4-8179D163FF60}.Release|Any CPU.Build.0 = Release|Any CPU
		{914B1AA4-8A84-4F82-BEDE-5F905F21156F}.Debug|Any CPU.ActiveCfg = Debug|Any CPU
		{914B1AA4-8A84-4F82-BEDE-5F905F21156F}.Debug|Any CPU.Build.0 = Debug|Any CPU
		{914B1AA4-8A84-4F82-BEDE-5F905F21156F}.Release|Any CPU.ActiveCfg = Release|Any CPU
		{914B1AA4-8A84-4F82-BEDE-5F905F21156F}.Release|Any CPU.Build.0 = Release|Any CPU
		{B994FC9D-6645-4550-A731-103C6625CB72}.Debug|Any CPU.ActiveCfg = Debug|Any CPU
		{B994FC9D-6645-4550-A731-103C6625CB72}.Debug|Any CPU.Build.0 = Debug|Any CPU
		{B994FC9D-6645-4550-A731-103C6625CB72}.Release|Any CPU.ActiveCfg = Release|Any CPU
		{B994FC9D-6645-4550-A731-103C6625CB72}.Release|Any CPU.Build.0 = Release|Any CPU
	EndGlobalSection
	GlobalSection(SolutionProperties) = preSolution
		HideSolutionNode = FALSE
	EndGlobalSection
	GlobalSection(ExtensibilityGlobals) = postSolution
		SolutionGuid = {20085E4D-23B6-42B8-820B-90072F4F1091}
	EndGlobalSection
EndGlobal
